
Microsoft Visual Studio Solution File, Format Version 12.00
# Visual Studio Version 17
VisualStudioVersion = 17.6.33723.286
MinimumVisualStudioVersion = 10.0.40219.1
Project("{FAE04EC0-301F-11D3-BF4B-00C04F79EFBC}") = "Projekt_626_2023_Menu", "Projekt_626_2023_Menu\Projekt_626_2023_Menu.csproj", "{8D043EA3-593B-4487-AF5B-63D9FD1E8CC6}"
EndProject
Global
	GlobalSection(SolutionConfigurationPlatforms) = preSolution
		Debug|Any CPU = Debug|Any CPU
		Release|Any CPU = Release|Any CPU
	EndGlobalSection
	GlobalSection(ProjectConfigurationPlatforms) = postSolution
		{8D043EA3-593B-4487-AF5B-63D9FD1E8CC6}.Debug|Any CPU.ActiveCfg = Debug|Any CPU
		{8D043EA3-593B-4487-AF5B-63D9FD1E8CC6}.Debug|Any CPU.Build.0 = Debug|Any CPU
		{8D043EA3-593B-4487-AF5B-63D9FD1E8CC6}.Release|Any CPU.ActiveCfg = Release|Any CPU
		{8D043EA3-593B-4487-AF5B-63D9FD1E8CC6}.Release|Any CPU.Build.0 = Release|Any CPU
	EndGlobalSection
	GlobalSection(SolutionProperties) = preSolution
		HideSolutionNode = FALSE
	EndGlobalSection
	GlobalSection(ExtensibilityGlobals) = postSolution
		SolutionGuid = {ECCE96E2-872C-4365-8D23-DAF9291F6F5A}
	EndGlobalSection
EndGlobal
